// !$*UTF8*$!
{
	archiveVersion = 1;
	classes = {
	};
	objectVersion = 46;
	objects = {

/* Begin PBXBuildFile section */
		4C7F55BB1AC42A1F000ED376 /* main.m in Sources */ = {isa = PBXBuildFile; fileRef = 4C7F55BA1AC42A1F000ED376 /* main.m */; };
		4C7F55BE1AC42A1F000ED376 /* AppDelegate.m in Sources */ = {isa = PBXBuildFile; fileRef = 4C7F55BD1AC42A1F000ED376 /* AppDelegate.m */; };
		4C7F55C11AC42A1F000ED376 /* ViewController.m in Sources */ = {isa = PBXBuildFile; fileRef = 4C7F55C01AC42A1F000ED376 /* ViewController.m */; };
		4C7F55C41AC42A1F000ED376 /* Main.storyboard in Resources */ = {isa = PBXBuildFile; fileRef = 4C7F55C21AC42A1F000ED376 /* Main.storyboard */; };
		4C7F55C61AC42A1F000ED376 /* Images.xcassets in Resources */ = {isa = PBXBuildFile; fileRef = 4C7F55C51AC42A1F000ED376 /* Images.xcassets */; };
		4C7F55C91AC42A1F000ED376 /* LaunchScreen.xib in Resources */ = {isa = PBXBuildFile; fileRef = 4C7F55C71AC42A1F000ED376 /* LaunchScreen.xib */; };
		4C7F55D51AC42A1F000ED376 /* TesterTests.m in Sources */ = {isa = PBXBuildFile; fileRef = 4C7F55D41AC42A1F000ED376 /* TesterTests.m */; };
/* End PBXBuildFile section */

/* Begin PBXContainerItemProxy section */
		4C7F55CF1AC42A1F000ED376 /* PBXContainerItemProxy */ = {
			isa = PBXContainerItemProxy;
			containerPortal = 4C7F55AD1AC42A1F000ED376 /* Project object */;
			proxyType = 1;
			remoteGlobalIDString = 4C7F55B41AC42A1F000ED376;
			remoteInfo = Tester;
		};
/* End PBXContainerItemProxy section */

/* Begin PBXFileReference section */
		4C7F55B51AC42A1F000ED376 /* Tester.app */ = {isa = PBXFileReference; explicitFileType = wrapper.application; includeInIndex = 0; path = Tester.app; sourceTree = BUILT_PRODUCTS_DIR; };
		4C7F55B91AC42A1F000ED376 /* Info.plist */ = {isa = PBXFileReference; lastKnownFileType = text.plist.xml; path = Info.plist; sourceTree = "<group>"; };
		4C7F55BA1AC42A1F000ED376 /* main.m */ = {isa = PBXFileReference; lastKnownFileType = sourcecode.c.objc; path = main.m; sourceTree = "<group>"; };
		4C7F55BC1AC42A1F000ED376 /* AppDelegate.h */ = {isa = PBXFileReference; lastKnownFileType = sourcecode.c.h; path = AppDelegate.h; sourceTree = "<group>"; };
		4C7F55BD1AC42A1F000ED376 /* AppDelegate.m */ = {isa = PBXFileReference; lastKnownFileType = sourcecode.c.objc; path = AppDelegate.m; sourceTree = "<group>"; };
		4C7F55BF1AC42A1F000ED376 /* ViewController.h */ = {isa = PBXFileReference; lastKnownFileType = sourcecode.c.h; path = ViewController.h; sourceTree = "<group>"; };
		4C7F55C01AC42A1F000ED376 /* ViewController.m */ = {isa = PBXFileReference; lastKnownFileType = sourcecode.c.objc; path = ViewController.m; sourceTree = "<group>"; };
		4C7F55C31AC42A1F000ED376 /* Base */ = {isa = PBXFileReference; lastKnownFileType = file.storyboard; name = Base; path = Base.lproj/Main.storyboard; sourceTree = "<group>"; };
		4C7F55C51AC42A1F000ED376 /* Images.xcassets */ = {isa = PBXFileReference; lastKnownFileType = folder.assetcatalog; path = Images.xcassets; sourceTree = "<group>"; };
		4C7F55C81AC42A1F000ED376 /* Base */ = {isa = PBXFileReference; lastKnownFileType = file.xib; name = Base; path = Base.lproj/LaunchScreen.xib; sourceTree = "<group>"; };
		4C7F55CE1AC42A1F000ED376 /* TesterTests.xctest */ = {isa = PBXFileReference; explicitFileType = wrapper.cfbundle; includeInIndex = 0; path = TesterTests.xctest; sourceTree = BUILT_PRODUCTS_DIR; };
		4C7F55D31AC42A1F000ED376 /* Info.plist */ = {isa = PBXFileReference; lastKnownFileType = text.plist.xml; path = Info.plist; sourceTree = "<group>"; };
		4C7F55D41AC42A1F000ED376 /* TesterTests.m */ = {isa = PBXFileReference; lastKnownFileType = sourcecode.c.objc; path = TesterTests.m; sourceTree = "<group>"; };
/* End PBXFileReference section */

/* Begin PBXFrameworksBuildPhase section */
		4C7F55B21AC42A1F000ED376 /* Frameworks */ = {
			isa = PBXFrameworksBuildPhase;
			buildActionMask = 2147483647;
			files = (
			);
			runOnlyForDeploymentPostprocessing = 0;
		};
		4C7F55CB1AC42A1F000ED376 /* Frameworks */ = {
			isa = PBXFrameworksBuildPhase;
			buildActionMask = 2147483647;
			files = (
			);
			runOnlyForDeploymentPostprocessing = 0;
		};
/* End PBXFrameworksBuildPhase section */

/* Begin PBXGroup section */
		4C7F55AC1AC42A1F000ED376 = {
			isa = PBXGroup;
			children = (
				4C7F55B71AC42A1F000ED376 /* Tester */,
				4C7F55D11AC42A1F000ED376 /* TesterTests */,
				4C7F55B61AC42A1F000ED376 /* Products */,
			);
			sourceTree = "<group>";
		};
		4C7F55B61AC42A1F000ED376 /* Products */ = {
			isa = PBXGroup;
			children = (
				4C7F55B51AC42A1F000ED376 /* Tester.app */,
				4C7F55CE1AC42A1F000ED376 /* TesterTests.xctest */,
			);
			name = Products;
			sourceTree = "<group>";
		};
		4C7F55B71AC42A1F000ED376 /* Tester */ = {
			isa = PBXGroup;
			children = (
				4C7F55BC1AC42A1F000ED376 /* AppDelegate.h */,
				4C7F55BD1AC42A1F000ED376 /* AppDelegate.m */,
				4C7F55BF1AC42A1F000ED376 /* ViewController.h */,
				4C7F55C01AC42A1F000ED376 /* ViewController.m */,
				4C7F55C21AC42A1F000ED376 /* Main.storyboard */,
				4C7F55C51AC42A1F000ED376 /* Images.xcassets */,
				4C7F55C71AC42A1F000ED376 /* LaunchScreen.xib */,
				4C7F55B81AC42A1F000ED376 /* Supporting Files */,
			);
			path = Tester;
			sourceTree = "<group>";
		};
		4C7F55B81AC42A1F000ED376 /* Supporting Files */ = {
			isa = PBXGroup;
			children = (
				4C7F55B91AC42A1F000ED376 /* Info.plist */,
				4C7F55BA1AC42A1F000ED376 /* main.m */,
			);
			name = "Supporting Files";
			sourceTree = "<group>";
		};
		4C7F55D11AC42A1F000ED376 /* TesterTests */ = {
			isa = PBXGroup;
			children = (
				4C7F55D41AC42A1F000ED376 /* TesterTests.m */,
				4C7F55D21AC42A1F000ED376 /* Supporting Files */,
			);
			path = TesterTests;
			sourceTree = "<group>";
		};
		4C7F55D21AC42A1F000ED376 /* Supporting Files */ = {
			isa = PBXGroup;
			children = (
				4C7F55D31AC42A1F000ED376 /* Info.plist */,
			);
			name = "Supporting Files";
			sourceTree = "<group>";
		};
/* End PBXGroup section */

/* Begin PBXNativeTarget section */
		4C7F55B41AC42A1F000ED376 /* Tester */ = {
			isa = PBXNativeTarget;
			buildConfigurationList = 4C7F55D81AC42A1F000ED376 /* Build configuration list for PBXNativeTarget "Tester" */;
			buildPhases = (
				4C7F55B11AC42A1F000ED376 /* Sources */,
				4C7F55B21AC42A1F000ED376 /* Frameworks */,
				4C7F55B31AC42A1F000ED376 /* Resources */,
			);
			buildRules = (
			);
			dependencies = (
			);
			name = Tester;
			productName = Tester;
			productReference = 4C7F55B51AC42A1F000ED376 /* Tester.app */;
			productType = "com.apple.product-type.application";
		};
		4C7F55CD1AC42A1F000ED376 /* TesterTests */ = {
			isa = PBXNativeTarget;
			buildConfigurationList = 4C7F55DB1AC42A1F000ED376 /* Build configuration list for PBXNativeTarget "TesterTests" */;
			buildPhases = (
				4C7F55CA1AC42A1F000ED376 /* Sources */,
				4C7F55CB1AC42A1F000ED376 /* Frameworks */,
				4C7F55CC1AC42A1F000ED376 /* Resources */,
			);
			buildRules = (
			);
			dependencies = (
				4C7F55D01AC42A1F000ED376 /* PBXTargetDependency */,
			);
			name = TesterTests;
			productName = TesterTests;
			productReference = 4C7F55CE1AC42A1F000ED376 /* TesterTests.xctest */;
			productType = "com.apple.product-type.bundle.unit-test";
		};
/* End PBXNativeTarget section */

/* Begin PBXProject section */
		4C7F55AD1AC42A1F000ED376 /* Project object */ = {
			isa = PBXProject;
			attributes = {
				LastUpgradeCheck = 0610;
				ORGANIZATIONNAME = sarah;
				TargetAttributes = {
					4C7F55B41AC42A1F000ED376 = {
						CreatedOnToolsVersion = 6.1.1;
					};
					4C7F55CD1AC42A1F000ED376 = {
						CreatedOnToolsVersion = 6.1.1;
						TestTargetID = 4C7F55B41AC42A1F000ED376;
					};
				};
			};
			buildConfigurationList = 4C7F55B01AC42A1F000ED376 /* Build configuration list for PBXProject "Tester" */;
			compatibilityVersion = "Xcode 3.2";
			developmentRegion = English;
			hasScannedForEncodings = 0;
			knownRegions = (
				en,
				Base,
			);
			mainGroup = 4C7F55AC1AC42A1F000ED376;
			productRefGroup = 4C7F55B61AC42A1F000ED376 /* Products */;
			projectDirPath = "";
			projectRoot = "";
			targets = (
				4C7F55B41AC42A1F000ED376 /* Tester */,
				4C7F55CD1AC42A1F000ED376 /* TesterTests */,
			);
		};
/* End PBXProject section */

/* Begin PBXResourcesBuildPhase section */
		4C7F55B31AC42A1F000ED376 /* Resources */ = {
			isa = PBXResourcesBuildPhase;
			buildActionMask = 2147483647;
			files = (
				4C7F55C41AC42A1F000ED376 /* Main.storyboard in Resources */,
				4C7F55C91AC42A1F000ED376 /* LaunchScreen.xib in Resources */,
				4C7F55C61AC42A1F000ED376 /* Images.xcassets in Resources */,
			);
			runOnlyForDeploymentPostprocessing = 0;
		};
		4C7F55CC1AC42A1F000ED376 /* Resources */ = {
			isa = PBXResourcesBuildPhase;
			buildActionMask = 2147483647;
			files = (
			);
			runOnlyForDeploymentPostprocessing = 0;
		};
/* End PBXResourcesBuildPhase section */

/* Begin PBXSourcesBuildPhase section */
		4C7F55B11AC42A1F000ED376 /* Sources */ = {
			isa = PBXSourcesBuildPhase;
			buildActionMask = 2147483647;
			files = (
				4C7F55C11AC42A1F000ED376 /* ViewController.m in Sources */,
				4C7F55BE1AC42A1F000ED376 /* AppDelegate.m in Sources */,
				4C7F55BB1AC42A1F000ED376 /* main.m in Sources */,
			);
			runOnlyForDeploymentPostprocessing = 0;
		};
		4C7F55CA1AC42A1F000ED376 /* Sources */ = {
			isa = PBXSourcesBuildPhase;
			buildActionMask = 2147483647;
			files = (
				4C7F55D51AC42A1F000ED376 /* TesterTests.m in Sources */,
			);
			runOnlyForDeploymentPostprocessing = 0;
		};
/* End PBXSourcesBuildPhase section */

/* Begin PBXTargetDependency section */
		4C7F55D01AC42A1F000ED376 /* PBXTargetDependency */ = {
			isa = PBXTargetDependency;
			target = 4C7F55B41AC42A1F000ED376 /* Tester */;
			targetProxy = 4C7F55CF1AC42A1F000ED376 /* PBXContainerItemProxy */;
		};
/* End PBXTargetDependency section */

/* Begin PBXVariantGroup section */
		4C7F55C21AC42A1F000ED376 /* Main.storyboard */ = {
			isa = PBXVariantGroup;
			children = (
				4C7F55C31AC42A1F000ED376 /* Base */,
			);
			name = Main.storyboard;
			sourceTree = "<group>";
		};
		4C7F55C71AC42A1F000ED376 /* LaunchScreen.xib */ = {
			isa = PBXVariantGroup;
			children = (
				4C7F55C81AC42A1F000ED376 /* Base */,
			);
			name = LaunchScreen.xib;
			sourceTree = "<group>";
		};
/* End PBXVariantGroup section */

/* Begin XCBuildConfiguration section */
		4C7F55D61AC42A1F000ED376 /* Debug */ = {
			isa = XCBuildConfiguration;
			buildSettings = {
				ALWAYS_SEARCH_USER_PATHS = NO;
				CLANG_CXX_LANGUAGE_STANDARD = "gnu++0x";
				CLANG_CXX_LIBRARY = "libc++";
				CLANG_ENABLE_MODULES = YES;
				CLANG_ENABLE_OBJC_ARC = YES;
				CLANG_WARN_BOOL_CONVERSION = YES;
				CLANG_WARN_CONSTANT_CONVERSION = YES;
				CLANG_WARN_DIRECT_OBJC_ISA_USAGE = YES_ERROR;
				CLANG_WARN_EMPTY_BODY = YES;
				CLANG_WARN_ENUM_CONVERSION = YES;
				CLANG_WARN_INT_CONVERSION = YES;
				CLANG_WARN_OBJC_ROOT_CLASS = YES_ERROR;
				CLANG_WARN_UNREACHABLE_CODE = YES;
				CLANG_WARN__DUPLICATE_METHOD_MATCH = YES;
				"CODE_SIGN_IDENTITY[sdk=iphoneos*]" = "iPhone Developer";
				COPY_PHASE_STRIP = NO;
				ENABLE_STRICT_OBJC_MSGSEND = YES;
				GCC_C_LANGUAGE_STANDARD = gnu99;
				GCC_DYNAMIC_NO_PIC = NO;
				GCC_OPTIMIZATION_LEVEL = 0;
				GCC_PREPROCESSOR_DEFINITIONS = (
					"DEBUG=1",
					"$(inherited)",
				);
				GCC_SYMBOLS_PRIVATE_EXTERN = NO;
				GCC_WARN_64_TO_32_BIT_CONVERSION = YES;
				GCC_WARN_ABOUT_RETURN_TYPE = YES_ERROR;
				GCC_WARN_UNDECLARED_SELECTOR = YES;
				GCC_WARN_UNINITIALIZED_AUTOS = YES_AGGRESSIVE;
				GCC_WARN_UNUSED_FUNCTION = YES;
				GCC_WARN_UNUSED_VARIABLE = YES;
				IPHONEOS_DEPLOYMENT_TARGET = 8.1;
				MTL_ENABLE_DEBUG_INFO = YES;
				ONLY_ACTIVE_ARCH = YES;
				SDKROOT = iphoneos;
				TARGETED_DEVICE_FAMILY = "1,2";
			};
			name = Debug;
		};
		4C7F55D71AC42A1F000ED376 /* Release */ = {
			isa = XCBuildConfiguration;
			buildSettings = {
				ALWAYS_SEARCH_USER_PATHS = NO;
				CLANG_CXX_LANGUAGE_STANDARD = "gnu++0x";
				CLANG_CXX_LIBRARY = "libc++";
				CLANG_ENABLE_MODULES = YES;
				CLANG_ENABLE_OBJC_ARC = YES;
				CLANG_WARN_BOOL_CONVERSION = YES;
				CLANG_WARN_CONSTANT_CONVERSION = YES;
				CLANG_WARN_DIRECT_OBJC_ISA_USAGE = YES_ERROR;
				CLANG_WARN_EMPTY_BODY = YES;
				CLANG_WARN_ENUM_CONVERSION = YES;
				CLANG_WARN_INT_CONVERSION = YES;
				CLANG_WARN_OBJC_ROOT_CLASS = YES_ERROR;
				CLANG_WARN_UNREACHABLE_CODE = YES;
				CLANG_WARN__DUPLICATE_METHOD_MATCH = YES;
				"CODE_SIGN_IDENTITY[sdk=iphoneos*]" = "iPhone Developer";
				COPY_PHASE_STRIP = YES;
				ENABLE_NS_ASSERTIONS = NO;
				ENABLE_STRICT_OBJC_MSGSEND = YES;
				GCC_C_LANGUAGE_STANDARD = gnu99;
				GCC_WARN_64_TO_32_BIT_CONVERSION = YES;
				GCC_WARN_ABOUT_RETURN_TYPE = YES_ERROR;
				GCC_WARN_UNDECLARED_SELECTOR = YES;
				GCC_WARN_UNINITIALIZED_AUTOS = YES_AGGRESSIVE;
				GCC_WARN_UNUSED_FUNCTION = YES;
				GCC_WARN_UNUSED_VARIABLE = YES;
				IPHONEOS_DEPLOYMENT_TARGET = 8.1;
				MTL_ENABLE_DEBUG_INFO = NO;
				SDKROOT = iphoneos;
				TARGETED_DEVICE_FAMILY = "1,2";
				VALIDATE_PRODUCT = YES;
			};
			name = Release;
		};
		4C7F55D91AC42A1F000ED376 /* Debug */ = {
			isa = XCBuildConfiguration;
			buildSettings = {
				ASSETCATALOG_COMPILER_APPICON_NAME = AppIcon;
				INFOPLIST_FILE = Tester/Info.plist;
				LD_RUNPATH_SEARCH_PATHS = "$(inherited) @executable_path/Frameworks";
				PRODUCT_NAME = "$(TARGET_NAME)";
			};
			name = Debug;
		};
		4C7F55DA1AC42A1F000ED376 /* Release */ = {
			isa = XCBuildConfiguration;
			buildSettings = {
				ASSETCATALOG_COMPILER_APPICON_NAME = AppIcon;
				INFOPLIST_FILE = Tester/Info.plist;
				LD_RUNPATH_SEARCH_PATHS = "$(inherited) @executable_path/Frameworks";
				PRODUCT_NAME = "$(TARGET_NAME)";
			};
			name = Release;
		};
		4C7F55DC1AC42A1F000ED376 /* Debug */ = {
			isa = XCBuildConfiguration;
			buildSettings = {
				BUNDLE_LOADER = "$(TEST_HOST)";
				FRAMEWORK_SEARCH_PATHS = (
					"$(SDKROOT)/Developer/Library/Frameworks",
					"$(inherited)",
				);
				GCC_PREPROCESSOR_DEFINITIONS = (
					"DEBUG=1",
					"$(inherited)",
				);
				INFOPLIST_FILE = TesterTests/Info.plist;
				LD_RUNPATH_SEARCH_PATHS = "$(inherited) @executable_path/Frameworks @loader_path/Frameworks";
				PRODUCT_NAME = "$(TARGET_NAME)";
				TEST_HOST = "$(BUILT_PRODUCTS_DIR)/Tester.app/Tester";
			};
			name = Debug;
		};
		4C7F55DD1AC42A1F000ED376 /* Release */ = {
			isa = XCBuildConfiguration;
			buildSettings = {
				BUNDLE_LOADER = "$(TEST_HOST)";
				FRAMEWORK_SEARCH_PATHS = (
					"$(SDKROOT)/Developer/Library/Frameworks",
					"$(inherited)",
				);
				INFOPLIST_FILE = TesterTests/Info.plist;
				LD_RUNPATH_SEARCH_PATHS = "$(inherited) @executable_path/Frameworks @loader_path/Frameworks";
				PRODUCT_NAME = "$(TARGET_NAME)";
				TEST_HOST = "$(BUILT_PRODUCTS_DIR)/Tester.app/Tester";
			};
			name = Release;
		};
/* End XCBuildConfiguration section */

/* Begin XCConfigurationList section */
		4C7F55B01AC42A1F000ED376 /* Build configuration list for PBXProject "Tester" */ = {
			isa = XCConfigurationList;
			buildConfigurations = (
				4C7F55D61AC42A1F000ED376 /* Debug */,
				4C7F55D71AC42A1F000ED376 /* Release */,
			);
			defaultConfigurationIsVisible = 0;
			defaultConfigurationName = Release;
		};
		4C7F55D81AC42A1F000ED376 /* Build configuration list for PBXNativeTarget "Tester" */ = {
			isa = XCConfigurationList;
			buildConfigurations = (
				4C7F55D91AC42A1F000ED376 /* Debug */,
				4C7F55DA1AC42A1F000ED376 /* Release */,
			);
			defaultConfigurationIsVisible = 0;
		};
		4C7F55DB1AC42A1F000ED376 /* Build configuration list for PBXNativeTarget "TesterTests" */ = {
			isa = XCConfigurationList;
			buildConfigurations = (
				4C7F55DC1AC42A1F000ED376 /* Debug */,
				4C7F55DD1AC42A1F000ED376 /* Release */,
			);
			defaultConfigurationIsVisible = 0;
		};
/* End XCConfigurationList section */
	};
	rootObject = 4C7F55AD1AC42A1F000ED376 /* Project object */;
}
